
Microsoft Visual Studio Solution File, Format Version 12.00
# Visual Studio 14
VisualStudioVersion = 14.0.24720.0
MinimumVisualStudioVersion = 10.0.40219.1
Project("{FAE04EC0-301F-11D3-BF4B-00C04F79EFBC}") = "SnakeV2", "SnakeV2\SnakeV2.csproj", "{67CC1484-7B6F-43BA-BC13-D9FFEF61ED1C}"
EndProject
Project("{FAE04EC0-301F-11D3-BF4B-00C04F79EFBC}") = "SnakeServer", "SnakeServer\SnakeServer.csproj", "{C6B57B94-E012-48B1-922F-FBE2B15D3C95}"
EndProject
Global
	GlobalSection(SolutionConfigurationPlatforms) = preSolution
		Debug|Any CPU = Debug|Any CPU
		Release|Any CPU = Release|Any CPU
	EndGlobalSection
	GlobalSection(ProjectConfigurationPlatforms) = postSolution
		{67CC1484-7B6F-43BA-BC13-D9FFEF61ED1C}.Debug|Any CPU.ActiveCfg = Debug|Any CPU
		{67CC1484-7B6F-43BA-BC13-D9FFEF61ED1C}.Debug|Any CPU.Build.0 = Debug|Any CPU
		{67CC1484-7B6F-43BA-BC13-D9FFEF61ED1C}.Release|Any CPU.ActiveCfg = Release|Any CPU
		{67CC1484-7B6F-43BA-BC13-D9FFEF61ED1C}.Release|Any CPU.Build.0 = Release|Any CPU
		{C6B57B94-E012-48B1-922F-FBE2B15D3C95}.Debug|Any CPU.ActiveCfg = Debug|Any CPU
		{C6B57B94-E012-48B1-922F-FBE2B15D3C95}.Debug|Any CPU.Build.0 = Debug|Any CPU
		{C6B57B94-E012-48B1-922F-FBE2B15D3C95}.Release|Any CPU.ActiveCfg = Release|Any CPU
		{C6B57B94-E012-48B1-922F-FBE2B15D3C95}.Release|Any CPU.Build.0 = Release|Any CPU
	EndGlobalSection
	GlobalSection(SolutionProperties) = preSolution
		HideSolutionNode = FALSE
	EndGlobalSection
EndGlobal
